// !$*UTF8*$!
{
	archiveVersion = 1;
	classes = {
	};
	objectVersion = 48;
	objects = {

/* Begin PBXBuildFile section */
		CD60217B1F28876F0061D9F1 /* AppDelegate.swift in Sources */ = {isa = PBXBuildFile; fileRef = CD60217A1F28876F0061D9F1 /* AppDelegate.swift */; };
		CD60217D1F28876F0061D9F1 /* ViewController.swift in Sources */ = {isa = PBXBuildFile; fileRef = CD60217C1F28876F0061D9F1 /* ViewController.swift */; };
		CD6021801F28876F0061D9F1 /* Main.storyboard in Resources */ = {isa = PBXBuildFile; fileRef = CD60217E1F28876F0061D9F1 /* Main.storyboard */; };
		CD6021831F28876F0061D9F1 /* Foodsy.xcdatamodeld in Sources */ = {isa = PBXBuildFile; fileRef = CD6021811F28876F0061D9F1 /* Foodsy.xcdatamodeld */; };
		CD6021851F28876F0061D9F1 /* Assets.xcassets in Resources */ = {isa = PBXBuildFile; fileRef = CD6021841F28876F0061D9F1 /* Assets.xcassets */; };
		CD6021881F28876F0061D9F1 /* LaunchScreen.storyboard in Resources */ = {isa = PBXBuildFile; fileRef = CD6021861F28876F0061D9F1 /* LaunchScreen.storyboard */; };
		CD6021931F28876F0061D9F1 /* FoodsyTests.swift in Sources */ = {isa = PBXBuildFile; fileRef = CD6021921F28876F0061D9F1 /* FoodsyTests.swift */; };
		CD60219E1F28876F0061D9F1 /* FoodsyUITests.swift in Sources */ = {isa = PBXBuildFile; fileRef = CD60219D1F28876F0061D9F1 /* FoodsyUITests.swift */; };
/* End PBXBuildFile section */

/* Begin PBXContainerItemProxy section */
		CD60218F1F28876F0061D9F1 /* PBXContainerItemProxy */ = {
			isa = PBXContainerItemProxy;
			containerPortal = CD60216F1F28876F0061D9F1 /* Project object */;
			proxyType = 1;
			remoteGlobalIDString = CD6021761F28876F0061D9F1;
			remoteInfo = Foodsy;
		};
		CD60219A1F28876F0061D9F1 /* PBXContainerItemProxy */ = {
			isa = PBXContainerItemProxy;
			containerPortal = CD60216F1F28876F0061D9F1 /* Project object */;
			proxyType = 1;
			remoteGlobalIDString = CD6021761F28876F0061D9F1;
			remoteInfo = Foodsy;
		};
/* End PBXContainerItemProxy section */

/* Begin PBXFileReference section */
		CD6021771F28876F0061D9F1 /* Foodsy.app */ = {isa = PBXFileReference; explicitFileType = wrapper.application; includeInIndex = 0; path = Foodsy.app; sourceTree = BUILT_PRODUCTS_DIR; };
		CD60217A1F28876F0061D9F1 /* AppDelegate.swift */ = {isa = PBXFileReference; lastKnownFileType = sourcecode.swift; path = AppDelegate.swift; sourceTree = "<group>"; };
		CD60217C1F28876F0061D9F1 /* ViewController.swift */ = {isa = PBXFileReference; lastKnownFileType = sourcecode.swift; path = ViewController.swift; sourceTree = "<group>"; };
		CD60217F1F28876F0061D9F1 /* Base */ = {isa = PBXFileReference; lastKnownFileType = file.storyboard; name = Base; path = Base.lproj/Main.storyboard; sourceTree = "<group>"; };
		CD6021821F28876F0061D9F1 /* Foodsy.xcdatamodel */ = {isa = PBXFileReference; lastKnownFileType = wrapper.xcdatamodel; path = Foodsy.xcdatamodel; sourceTree = "<group>"; };
		CD6021841F28876F0061D9F1 /* Assets.xcassets */ = {isa = PBXFileReference; lastKnownFileType = folder.assetcatalog; path = Assets.xcassets; sourceTree = "<group>"; };
		CD6021871F28876F0061D9F1 /* Base */ = {isa = PBXFileReference; lastKnownFileType = file.storyboard; name = Base; path = Base.lproj/LaunchScreen.storyboard; sourceTree = "<group>"; };
		CD6021891F28876F0061D9F1 /* Info.plist */ = {isa = PBXFileReference; lastKnownFileType = text.plist.xml; path = Info.plist; sourceTree = "<group>"; };
		CD60218E1F28876F0061D9F1 /* FoodsyTests.xctest */ = {isa = PBXFileReference; explicitFileType = wrapper.cfbundle; includeInIndex = 0; path = FoodsyTests.xctest; sourceTree = BUILT_PRODUCTS_DIR; };
		CD6021921F28876F0061D9F1 /* FoodsyTests.swift */ = {isa = PBXFileReference; lastKnownFileType = sourcecode.swift; path = FoodsyTests.swift; sourceTree = "<group>"; };
		CD6021941F28876F0061D9F1 /* Info.plist */ = {isa = PBXFileReference; lastKnownFileType = text.plist.xml; path = Info.plist; sourceTree = "<group>"; };
		CD6021991F28876F0061D9F1 /* FoodsyUITests.xctest */ = {isa = PBXFileReference; explicitFileType = wrapper.cfbundle; includeInIndex = 0; path = FoodsyUITests.xctest; sourceTree = BUILT_PRODUCTS_DIR; };
		CD60219D1F28876F0061D9F1 /* FoodsyUITests.swift */ = {isa = PBXFileReference; lastKnownFileType = sourcecode.swift; path = FoodsyUITests.swift; sourceTree = "<group>"; };
		CD60219F1F28876F0061D9F1 /* Info.plist */ = {isa = PBXFileReference; lastKnownFileType = text.plist.xml; path = Info.plist; sourceTree = "<group>"; };
/* End PBXFileReference section */

/* Begin PBXFrameworksBuildPhase section */
		CD6021741F28876F0061D9F1 /* Frameworks */ = {
			isa = PBXFrameworksBuildPhase;
			buildActionMask = 2147483647;
			files = (
			);
			runOnlyForDeploymentPostprocessing = 0;
		};
		CD60218B1F28876F0061D9F1 /* Frameworks */ = {
			isa = PBXFrameworksBuildPhase;
			buildActionMask = 2147483647;
			files = (
			);
			runOnlyForDeploymentPostprocessing = 0;
		};
		CD6021961F28876F0061D9F1 /* Frameworks */ = {
			isa = PBXFrameworksBuildPhase;
			buildActionMask = 2147483647;
			files = (
			);
			runOnlyForDeploymentPostprocessing = 0;
		};
/* End PBXFrameworksBuildPhase section */

/* Begin PBXGroup section */
		CD60216E1F28876F0061D9F1 = {
			isa = PBXGroup;
			children = (
				CD6021791F28876F0061D9F1 /* Foodsy */,
				CD6021911F28876F0061D9F1 /* FoodsyTests */,
				CD60219C1F28876F0061D9F1 /* FoodsyUITests */,
				CD6021781F28876F0061D9F1 /* Products */,
			);
			sourceTree = "<group>";
		};
		CD6021781F28876F0061D9F1 /* Products */ = {
			isa = PBXGroup;
			children = (
				CD6021771F28876F0061D9F1 /* Foodsy.app */,
				CD60218E1F28876F0061D9F1 /* FoodsyTests.xctest */,
				CD6021991F28876F0061D9F1 /* FoodsyUITests.xctest */,
			);
			name = Products;
			sourceTree = "<group>";
		};
		CD6021791F28876F0061D9F1 /* Foodsy */ = {
			isa = PBXGroup;
			children = (
				CD60217A1F28876F0061D9F1 /* AppDelegate.swift */,
				CD60217C1F28876F0061D9F1 /* ViewController.swift */,
				CD60217E1F28876F0061D9F1 /* Main.storyboard */,
				CD6021841F28876F0061D9F1 /* Assets.xcassets */,
				CD6021861F28876F0061D9F1 /* LaunchScreen.storyboard */,
				CD6021891F28876F0061D9F1 /* Info.plist */,
				CD6021811F28876F0061D9F1 /* Foodsy.xcdatamodeld */,
			);
			path = Foodsy;
			sourceTree = "<group>";
		};
		CD6021911F28876F0061D9F1 /* FoodsyTests */ = {
			isa = PBXGroup;
			children = (
				CD6021921F28876F0061D9F1 /* FoodsyTests.swift */,
				CD6021941F28876F0061D9F1 /* Info.plist */,
			);
			path = FoodsyTests;
			sourceTree = "<group>";
		};
		CD60219C1F28876F0061D9F1 /* FoodsyUITests */ = {
			isa = PBXGroup;
			children = (
				CD60219D1F28876F0061D9F1 /* FoodsyUITests.swift */,
				CD60219F1F28876F0061D9F1 /* Info.plist */,
			);
			path = FoodsyUITests;
			sourceTree = "<group>";
		};
/* End PBXGroup section */

/* Begin PBXNativeTarget section */
		CD6021761F28876F0061D9F1 /* Foodsy */ = {
			isa = PBXNativeTarget;
			buildConfigurationList = CD6021A21F28876F0061D9F1 /* Build configuration list for PBXNativeTarget "Foodsy" */;
			buildPhases = (
				CD6021731F28876F0061D9F1 /* Sources */,
				CD6021741F28876F0061D9F1 /* Frameworks */,
				CD6021751F28876F0061D9F1 /* Resources */,
			);
			buildRules = (
			);
			dependencies = (
			);
			name = Foodsy;
			productName = Foodsy;
			productReference = CD6021771F28876F0061D9F1 /* Foodsy.app */;
			productType = "com.apple.product-type.application";
		};
		CD60218D1F28876F0061D9F1 /* FoodsyTests */ = {
			isa = PBXNativeTarget;
			buildConfigurationList = CD6021A51F28876F0061D9F1 /* Build configuration list for PBXNativeTarget "FoodsyTests" */;
			buildPhases = (
				CD60218A1F28876F0061D9F1 /* Sources */,
				CD60218B1F28876F0061D9F1 /* Frameworks */,
				CD60218C1F28876F0061D9F1 /* Resources */,
			);
			buildRules = (
			);
			dependencies = (
				CD6021901F28876F0061D9F1 /* PBXTargetDependency */,
			);
			name = FoodsyTests;
			productName = FoodsyTests;
			productReference = CD60218E1F28876F0061D9F1 /* FoodsyTests.xctest */;
			productType = "com.apple.product-type.bundle.unit-test";
		};
		CD6021981F28876F0061D9F1 /* FoodsyUITests */ = {
			isa = PBXNativeTarget;
			buildConfigurationList = CD6021A81F28876F0061D9F1 /* Build configuration list for PBXNativeTarget "FoodsyUITests" */;
			buildPhases = (
				CD6021951F28876F0061D9F1 /* Sources */,
				CD6021961F28876F0061D9F1 /* Frameworks */,
				CD6021971F28876F0061D9F1 /* Resources */,
			);
			buildRules = (
			);
			dependencies = (
				CD60219B1F28876F0061D9F1 /* PBXTargetDependency */,
			);
			name = FoodsyUITests;
			productName = FoodsyUITests;
			productReference = CD6021991F28876F0061D9F1 /* FoodsyUITests.xctest */;
			productType = "com.apple.product-type.bundle.ui-testing";
		};
/* End PBXNativeTarget section */

/* Begin PBXProject section */
		CD60216F1F28876F0061D9F1 /* Project object */ = {
			isa = PBXProject;
			attributes = {
				LastSwiftUpdateCheck = 0900;
				LastUpgradeCheck = 0900;
				ORGANIZATIONNAME = VuDev;
				TargetAttributes = {
					CD6021761F28876F0061D9F1 = {
						CreatedOnToolsVersion = 9.0;
					};
					CD60218D1F28876F0061D9F1 = {
						CreatedOnToolsVersion = 9.0;
						TestTargetID = CD6021761F28876F0061D9F1;
					};
					CD6021981F28876F0061D9F1 = {
						CreatedOnToolsVersion = 9.0;
						TestTargetID = CD6021761F28876F0061D9F1;
					};
				};
			};
			buildConfigurationList = CD6021721F28876F0061D9F1 /* Build configuration list for PBXProject "Foodsy" */;
			compatibilityVersion = "Xcode 8.0";
			developmentRegion = en;
			hasScannedForEncodings = 0;
			knownRegions = (
				en,
				Base,
			);
			mainGroup = CD60216E1F28876F0061D9F1;
			productRefGroup = CD6021781F28876F0061D9F1 /* Products */;
			projectDirPath = "";
			projectRoot = "";
			targets = (
				CD6021761F28876F0061D9F1 /* Foodsy */,
				CD60218D1F28876F0061D9F1 /* FoodsyTests */,
				CD6021981F28876F0061D9F1 /* FoodsyUITests */,
			);
		};
/* End PBXProject section */

/* Begin PBXResourcesBuildPhase section */
		CD6021751F28876F0061D9F1 /* Resources */ = {
			isa = PBXResourcesBuildPhase;
			buildActionMask = 2147483647;
			files = (
				CD6021881F28876F0061D9F1 /* LaunchScreen.storyboard in Resources */,
				CD6021851F28876F0061D9F1 /* Assets.xcassets in Resources */,
				CD6021801F28876F0061D9F1 /* Main.storyboard in Resources */,
			);
			runOnlyForDeploymentPostprocessing = 0;
		};
		CD60218C1F28876F0061D9F1 /* Resources */ = {
			isa = PBXResourcesBuildPhase;
			buildActionMask = 2147483647;
			files = (
			);
			runOnlyForDeploymentPostprocessing = 0;
		};
		CD6021971F28876F0061D9F1 /* Resources */ = {
			isa = PBXResourcesBuildPhase;
			buildActionMask = 2147483647;
			files = (
			);
			runOnlyForDeploymentPostprocessing = 0;
		};
/* End PBXResourcesBuildPhase section */

/* Begin PBXSourcesBuildPhase section */
		CD6021731F28876F0061D9F1 /* Sources */ = {
			isa = PBXSourcesBuildPhase;
			buildActionMask = 2147483647;
			files = (
				CD60217D1F28876F0061D9F1 /* ViewController.swift in Sources */,
				CD6021831F28876F0061D9F1 /* Foodsy.xcdatamodeld in Sources */,
				CD60217B1F28876F0061D9F1 /* AppDelegate.swift in Sources */,
			);
			runOnlyForDeploymentPostprocessing = 0;
		};
		CD60218A1F28876F0061D9F1 /* Sources */ = {
			isa = PBXSourcesBuildPhase;
			buildActionMask = 2147483647;
			files = (
				CD6021931F28876F0061D9F1 /* FoodsyTests.swift in Sources */,
			);
			runOnlyForDeploymentPostprocessing = 0;
		};
		CD6021951F28876F0061D9F1 /* Sources */ = {
			isa = PBXSourcesBuildPhase;
			buildActionMask = 2147483647;
			files = (
				CD60219E1F28876F0061D9F1 /* FoodsyUITests.swift in Sources */,
			);
			runOnlyForDeploymentPostprocessing = 0;
		};
/* End PBXSourcesBuildPhase section */

/* Begin PBXTargetDependency section */
		CD6021901F28876F0061D9F1 /* PBXTargetDependency */ = {
			isa = PBXTargetDependency;
			target = CD6021761F28876F0061D9F1 /* Foodsy */;
			targetProxy = CD60218F1F28876F0061D9F1 /* PBXContainerItemProxy */;
		};
		CD60219B1F28876F0061D9F1 /* PBXTargetDependency */ = {
			isa = PBXTargetDependency;
			target = CD6021761F28876F0061D9F1 /* Foodsy */;
			targetProxy = CD60219A1F28876F0061D9F1 /* PBXContainerItemProxy */;
		};
/* End PBXTargetDependency section */

/* Begin PBXVariantGroup section */
		CD60217E1F28876F0061D9F1 /* Main.storyboard */ = {
			isa = PBXVariantGroup;
			children = (
				CD60217F1F28876F0061D9F1 /* Base */,
			);
			name = Main.storyboard;
			sourceTree = "<group>";
		};
		CD6021861F28876F0061D9F1 /* LaunchScreen.storyboard */ = {
			isa = PBXVariantGroup;
			children = (
				CD6021871F28876F0061D9F1 /* Base */,
			);
			name = LaunchScreen.storyboard;
			sourceTree = "<group>";
		};
/* End PBXVariantGroup section */

/* Begin XCBuildConfiguration section */
		CD6021A01F28876F0061D9F1 /* Debug */ = {
			isa = XCBuildConfiguration;
			buildSettings = {
				ALWAYS_SEARCH_USER_PATHS = NO;
				CLANG_ANALYZER_NONNULL = YES;
				CLANG_ANALYZER_NUMBER_OBJECT_CONVERSION = YES_AGGRESSIVE;
				CLANG_CXX_LANGUAGE_STANDARD = "gnu++14";
				CLANG_CXX_LIBRARY = "libc++";
				CLANG_ENABLE_MODULES = YES;
				CLANG_ENABLE_OBJC_ARC = YES;
				CLANG_WARN_BLOCK_CAPTURE_AUTORELEASING = YES;
				CLANG_WARN_BOOL_CONVERSION = YES;
				CLANG_WARN_COMMA = YES;
				CLANG_WARN_CONSTANT_CONVERSION = YES;
				CLANG_WARN_DIRECT_OBJC_ISA_USAGE = YES_ERROR;
				CLANG_WARN_DOCUMENTATION_COMMENTS = YES;
				CLANG_WARN_EMPTY_BODY = YES;
				CLANG_WARN_ENUM_CONVERSION = YES;
				CLANG_WARN_INFINITE_RECURSION = YES;
				CLANG_WARN_INT_CONVERSION = YES;
				CLANG_WARN_NON_LITERAL_NULL_CONVERSION = YES;
				CLANG_WARN_OBJC_LITERAL_CONVERSION = YES;
				CLANG_WARN_OBJC_ROOT_CLASS = YES_ERROR;
				CLANG_WARN_RANGE_LOOP_ANALYSIS = YES;
				CLANG_WARN_STRICT_PROTOTYPES = YES;
				CLANG_WARN_SUSPICIOUS_MOVE = YES;
				CLANG_WARN_UNGUARDED_AVAILABILITY = YES_AGGRESSIVE;
				CLANG_WARN_UNREACHABLE_CODE = YES;
				CLANG_WARN__DUPLICATE_METHOD_MATCH = YES;
				CODE_SIGN_IDENTITY = "iPhone Developer";
				COPY_PHASE_STRIP = NO;
				DEBUG_INFORMATION_FORMAT = dwarf;
				ENABLE_STRICT_OBJC_MSGSEND = YES;
				ENABLE_TESTABILITY = YES;
				GCC_C_LANGUAGE_STANDARD = gnu11;
				GCC_DYNAMIC_NO_PIC = NO;
				GCC_NO_COMMON_BLOCKS = YES;
				GCC_OPTIMIZATION_LEVEL = 0;
				GCC_PREPROCESSOR_DEFINITIONS = (
					"DEBUG=1",
					"$(inherited)",
				);
				GCC_WARN_64_TO_32_BIT_CONVERSION = YES;
				GCC_WARN_ABOUT_RETURN_TYPE = YES_ERROR;
				GCC_WARN_UNDECLARED_SELECTOR = YES;
				GCC_WARN_UNINITIALIZED_AUTOS = YES_AGGRESSIVE;
				GCC_WARN_UNUSED_FUNCTION = YES;
				GCC_WARN_UNUSED_VARIABLE = YES;
				IPHONEOS_DEPLOYMENT_TARGET = 11.0;
				MTL_ENABLE_DEBUG_INFO = YES;
				ONLY_ACTIVE_ARCH = YES;
				SDKROOT = iphoneos;
				SWIFT_ACTIVE_COMPILATION_CONDITIONS = DEBUG;
				SWIFT_OPTIMIZATION_LEVEL = "-Onone";
			};
			name = Debug;
		};
		CD6021A11F28876F0061D9F1 /* Release */ = {
			isa = XCBuildConfiguration;
			buildSettings = {
				ALWAYS_SEARCH_USER_PATHS = NO;
				CLANG_ANALYZER_NONNULL = YES;
				CLANG_ANALYZER_NUMBER_OBJECT_CONVERSION = YES_AGGRESSIVE;
				CLANG_CXX_LANGUAGE_STANDARD = "gnu++14";
				CLANG_CXX_LIBRARY = "libc++";
				CLANG_ENABLE_MODULES = YES;
				CLANG_ENABLE_OBJC_ARC = YES;
				CLANG_WARN_BLOCK_CAPTURE_AUTORELEASING = YES;
				CLANG_WARN_BOOL_CONVERSION = YES;
				CLANG_WARN_COMMA = YES;
				CLANG_WARN_CONSTANT_CONVERSION = YES;
				CLANG_WARN_DIRECT_OBJC_ISA_USAGE = YES_ERROR;
				CLANG_WARN_DOCUMENTATION_COMMENTS = YES;
				CLANG_WARN_EMPTY_BODY = YES;
				CLANG_WARN_ENUM_CONVERSION = YES;
				CLANG_WARN_INFINITE_RECURSION = YES;
				CLANG_WARN_INT_CONVERSION = YES;
				CLANG_WARN_NON_LITERAL_NULL_CONVERSION = YES;
				CLANG_WARN_OBJC_LITERAL_CONVERSION = YES;
				CLANG_WARN_OBJC_ROOT_CLASS = YES_ERROR;
				CLANG_WARN_RANGE_LOOP_ANALYSIS = YES;
				CLANG_WARN_STRICT_PROTOTYPES = YES;
				CLANG_WARN_SUSPICIOUS_MOVE = YES;
				CLANG_WARN_UNGUARDED_AVAILABILITY = YES_AGGRESSIVE;
				CLANG_WARN_UNREACHABLE_CODE = YES;
				CLANG_WARN__DUPLICATE_METHOD_MATCH = YES;
				CODE_SIGN_IDENTITY = "iPhone Developer";
				COPY_PHASE_STRIP = NO;
				DEBUG_INFORMATION_FORMAT = "dwarf-with-dsym";
				ENABLE_NS_ASSERTIONS = NO;
				ENABLE_STRICT_OBJC_MSGSEND = YES;
				GCC_C_LANGUAGE_STANDARD = gnu11;
				GCC_NO_COMMON_BLOCKS = YES;
				GCC_WARN_64_TO_32_BIT_CONVERSION = YES;
				GCC_WARN_ABOUT_RETURN_TYPE = YES_ERROR;
				GCC_WARN_UNDECLARED_SELECTOR = YES;
				GCC_WARN_UNINITIALIZED_AUTOS = YES_AGGRESSIVE;
				GCC_WARN_UNUSED_FUNCTION = YES;
				GCC_WARN_UNUSED_VARIABLE = YES;
				IPHONEOS_DEPLOYMENT_TARGET = 11.0;
				MTL_ENABLE_DEBUG_INFO = NO;
				SDKROOT = iphoneos;
				SWIFT_OPTIMIZATION_LEVEL = "-Owholemodule";
				VALIDATE_PRODUCT = YES;
			};
			name = Release;
		};
		CD6021A31F28876F0061D9F1 /* Debug */ = {
			isa = XCBuildConfiguration;
			buildSettings = {
				ASSETCATALOG_COMPILER_APPICON_NAME = AppIcon;
				DEVELOPMENT_TEAM = A622BBASUQ;
				INFOPLIST_FILE = Foodsy/Info.plist;
				LD_RUNPATH_SEARCH_PATHS = "$(inherited) @executable_path/Frameworks";
				PRODUCT_BUNDLE_IDENTIFIER = vudq.dev.apps.Foodsy;
				PRODUCT_NAME = "$(TARGET_NAME)";
				SWIFT_VERSION = 4.0;
				TARGETED_DEVICE_FAMILY = "1,2";
			};
			name = Debug;
		};
		CD6021A41F28876F0061D9F1 /* Release */ = {
			isa = XCBuildConfiguration;
			buildSettings = {
				ASSETCATALOG_COMPILER_APPICON_NAME = AppIcon;
				DEVELOPMENT_TEAM = A622BBASUQ;
				INFOPLIST_FILE = Foodsy/Info.plist;
				LD_RUNPATH_SEARCH_PATHS = "$(inherited) @executable_path/Frameworks";
				PRODUCT_BUNDLE_IDENTIFIER = vudq.dev.apps.Foodsy;
				PRODUCT_NAME = "$(TARGET_NAME)";
				SWIFT_VERSION = 4.0;
				TARGETED_DEVICE_FAMILY = "1,2";
			};
			name = Release;
		};
		CD6021A61F28876F0061D9F1 /* Debug */ = {
			isa = XCBuildConfiguration;
			buildSettings = {
				ALWAYS_EMBED_SWIFT_STANDARD_LIBRARIES = YES;
				BUNDLE_LOADER = "$(TEST_HOST)";
				DEVELOPMENT_TEAM = A622BBASUQ;
				INFOPLIST_FILE = FoodsyTests/Info.plist;
				LD_RUNPATH_SEARCH_PATHS = "$(inherited) @executable_path/Frameworks @loader_path/Frameworks";
				PRODUCT_BUNDLE_IDENTIFIER = vudq.dev.apps.FoodsyTests;
				PRODUCT_NAME = "$(TARGET_NAME)";
				SWIFT_VERSION = 4.0;
				TARGETED_DEVICE_FAMILY = "1,2";
				TEST_HOST = "$(BUILT_PRODUCTS_DIR)/Foodsy.app/Foodsy";
			};
			name = Debug;
		};
		CD6021A71F28876F0061D9F1 /* Release */ = {
			isa = XCBuildConfiguration;
			buildSettings = {
				ALWAYS_EMBED_SWIFT_STANDARD_LIBRARIES = YES;
				BUNDLE_LOADER = "$(TEST_HOST)";
				DEVELOPMENT_TEAM = A622BBASUQ;
				INFOPLIST_FILE = FoodsyTests/Info.plist;
				LD_RUNPATH_SEARCH_PATHS = "$(inherited) @executable_path/Frameworks @loader_path/Frameworks";
				PRODUCT_BUNDLE_IDENTIFIER = vudq.dev.apps.FoodsyTests;
				PRODUCT_NAME = "$(TARGET_NAME)";
				SWIFT_VERSION = 4.0;
				TARGETED_DEVICE_FAMILY = "1,2";
				TEST_HOST = "$(BUILT_PRODUCTS_DIR)/Foodsy.app/Foodsy";
			};
			name = Release;
		};
		CD6021A91F28876F0061D9F1 /* Debug */ = {
			isa = XCBuildConfiguration;
			buildSettings = {
				ALWAYS_EMBED_SWIFT_STANDARD_LIBRARIES = YES;
				DEVELOPMENT_TEAM = A622BBASUQ;
				INFOPLIST_FILE = FoodsyUITests/Info.plist;
				LD_RUNPATH_SEARCH_PATHS = "$(inherited) @executable_path/Frameworks @loader_path/Frameworks";
				PRODUCT_BUNDLE_IDENTIFIER = vudq.dev.apps.FoodsyUITests;
				PRODUCT_NAME = "$(TARGET_NAME)";
				SWIFT_VERSION = 4.0;
				TARGETED_DEVICE_FAMILY = "1,2";
				TEST_TARGET_NAME = Foodsy;
			};
			name = Debug;
		};
		CD6021AA1F28876F0061D9F1 /* Release */ = {
			isa = XCBuildConfiguration;
			buildSettings = {
				ALWAYS_EMBED_SWIFT_STANDARD_LIBRARIES = YES;
				DEVELOPMENT_TEAM = A622BBASUQ;
				INFOPLIST_FILE = FoodsyUITests/Info.plist;
				LD_RUNPATH_SEARCH_PATHS = "$(inherited) @executable_path/Frameworks @loader_path/Frameworks";
				PRODUCT_BUNDLE_IDENTIFIER = vudq.dev.apps.FoodsyUITests;
				PRODUCT_NAME = "$(TARGET_NAME)";
				SWIFT_VERSION = 4.0;
				TARGETED_DEVICE_FAMILY = "1,2";
				TEST_TARGET_NAME = Foodsy;
			};
			name = Release;
		};
/* End XCBuildConfiguration section */

/* Begin XCConfigurationList section */
		CD6021721F28876F0061D9F1 /* Build configuration list for PBXProject "Foodsy" */ = {
			isa = XCConfigurationList;
			buildConfigurations = (
				CD6021A01F28876F0061D9F1 /* Debug */,
				CD6021A11F28876F0061D9F1 /* Release */,
			);
			defaultConfigurationIsVisible = 0;
			defaultConfigurationName = Release;
		};
		CD6021A21F28876F0061D9F1 /* Build configuration list for PBXNativeTarget "Foodsy" */ = {
			isa = XCConfigurationList;
			buildConfigurations = (
				CD6021A31F28876F0061D9F1 /* Debug */,
				CD6021A41F28876F0061D9F1 /* Release */,
			);
			defaultConfigurationIsVisible = 0;
		};
		CD6021A51F28876F0061D9F1 /* Build configuration list for PBXNativeTarget "FoodsyTests" */ = {
			isa = XCConfigurationList;
			buildConfigurations = (
				CD6021A61F28876F0061D9F1 /* Debug */,
				CD6021A71F28876F0061D9F1 /* Release */,
			);
			defaultConfigurationIsVisible = 0;
		};
		CD6021A81F28876F0061D9F1 /* Build configuration list for PBXNativeTarget "FoodsyUITests" */ = {
			isa = XCConfigurationList;
			buildConfigurations = (
				CD6021A91F28876F0061D9F1 /* Debug */,
				CD6021AA1F28876F0061D9F1 /* Release */,
			);
			defaultConfigurationIsVisible = 0;
		};
/* End XCConfigurationList section */

/* Begin XCVersionGroup section */
		CD6021811F28876F0061D9F1 /* Foodsy.xcdatamodeld */ = {
			isa = XCVersionGroup;
			children = (
				CD6021821F28876F0061D9F1 /* Foodsy.xcdatamodel */,
			);
			currentVersion = CD6021821F28876F0061D9F1 /* Foodsy.xcdatamodel */;
			path = Foodsy.xcdatamodeld;
			sourceTree = "<group>";
			versionGroupType = wrapper.xcdatamodel;
		};
/* End XCVersionGroup section */
	};
	rootObject = CD60216F1F28876F0061D9F1 /* Project object */;
}
